<?xml version="1.0" encoding="utf-8"?>
<Project ToolsVersion="4.0" xmlns="http://schemas.microsoft.com/developer/msbuild/2003">
  <ItemGroup>
    <Filter Include="RHI">
      <UniqueIdentifier>{93a75ccd-ffea-49e4-bac9-f8c2e1803409}</UniqueIdentifier>
    </Filter>
    <Filter Include="Utils">
      <UniqueIdentifier>{10924f9e-562d-4f7f-86c0-2af583c49d63}</UniqueIdentifier>
    </Filter>
    <Filter Include="Scene">
      <UniqueIdentifier>{85f13a87-0be4-4d4f-8318-0e337d00cd94}</UniqueIdentifier>
    </Filter>
    <Filter Include="Shaders">
      <UniqueIdentifier>{4d11364c-acdc-4002-aa44-022c0359f640}</UniqueIdentifier>
    </Filter>
    <Filter Include="Renderer">
      <UniqueIdentifier>{b8f34e2c-0273-421e-8354-6cc6f57ae520}</UniqueIdentifier>
    </Filter>
    <Filter Include="RHI\Vulkan">
      <UniqueIdentifier>{3dd8dadb-a7d6-4757-abb7-6b964ddd10e9}</UniqueIdentifier>
    </Filter>
    <Filter Include="Runtime">
      <UniqueIdentifier>{f9377743-716d-449f-9cb8-b755d88da258}</UniqueIdentifier>
    </Filter>
    <Filter Include="Effect">
      <UniqueIdentifier>{627c3f75-ee4d-417e-8b2e-16d3c328694b}</UniqueIdentifier>
    </Filter>
  </ItemGroup>
  <ItemGroup>
    <ClCompile Include="Scene\Scene.cpp">
      <Filter>Scene</Filter>
    </ClCompile>
    <ClCompile Include="Renderer\RtRenderGraph.cpp">
      <Filter>Renderer</Filter>
    </ClCompile>
    <ClCompile Include="Utils\CommonUtils.cpp">
      <Filter>Utils</Filter>
    </ClCompile>
    <ClCompile Include="Scene\Light.cpp">
      <Filter>Scene</Filter>
    </ClCompile>
    <ClCompile Include="Scene\Material.cpp">
      <Filter>Scene</Filter>
    </ClCompile>
    <ClCompile Include="Scene\Mesh.cpp">
      <Filter>Scene</Filter>
    </ClCompile>
    <ClCompile Include="Renderer\RtRenderPass.cpp">
      <Filter>Renderer</Filter>
    </ClCompile>
    <ClCompile Include="Renderer\RtRenderResources.cpp">
      <Filter>Renderer</Filter>
    </ClCompile>
    <ClCompile Include="Renderer\RtRenderGraphExe.cpp">
      <Filter>Renderer</Filter>
    </ClCompile>
    <ClCompile Include="Renderer\RtRenderGraphBuilder.cpp">
      <Filter>Renderer</Filter>
    </ClCompile>
    <ClCompile Include="Renderer\RtRenderGraphPerfDebug.cpp">
      <Filter>Renderer</Filter>
    </ClCompile>
    <ClCompile Include="Runtime\MyToySimpleRenderer.cpp">
      <Filter>Runtime</Filter>
    </ClCompile>
    <ClCompile Include="Utils\Memory.cpp">
      <Filter>Utils</Filter>
    </ClCompile>
    <ClCompile Include="Runtime\RuntimeWorkIR.cpp">
      <Filter>Runtime</Filter>
    </ClCompile>
    <ClCompile Include="Runtime\RuntimeSceneRender.cpp">
      <Filter>Runtime</Filter>
    </ClCompile>
    <ClCompile Include="Runtime\RuntimeWorkData.cpp">
      <Filter>Runtime</Filter>
    </ClCompile>
    <ClCompile Include="Runtime\RuntimeShaderPermunation.cpp">
      <Filter>Runtime</Filter>
    </ClCompile>
    <ClCompile Include="Runtime\RuntimeWorkProcessor.cpp">
      <Filter>Runtime</Filter>
    </ClCompile>
    <ClCompile Include="Effect\EffectRayTracingUtils.cpp">
      <Filter>Effect</Filter>
    </ClCompile>
    <ClCompile Include="Effect\EffectRayTracingCore.cpp">
      <Filter>Effect</Filter>
    </ClCompile>
    <ClCompile Include="Scene\Volumetric.cpp">
      <Filter>Scene</Filter>
    </ClCompile>
    <ClCompile Include="Scene\GeometryProxy.cpp">
      <Filter>Scene</Filter>
    </ClCompile>
    <ClCompile Include="Scene\SceneComponent.cpp">
      <Filter>Scene</Filter>
    </ClCompile>
    <ClCompile Include="Utils\SimpleJobSystem.cpp">
      <Filter>Utils</Filter>
    </ClCompile>
    <ClCompile Include="Utils\SimpleCoro.inl">
      <Filter>Utils</Filter>
    </ClCompile>
    <ClCompile Include="RHI\Vulkan\API\VulkanCmdContext.cpp" />
    <ClCompile Include="RHI\Vulkan\API\VulkanFrameBuffer.cpp" />
    <ClCompile Include="RHI\Vulkan\API\VulkanResources.cpp" />
    <ClCompile Include="RHI\Vulkan\API\VulkanRayTraceKHR.cpp" />
    <ClCompile Include="RHI\Vulkan\API\VulkanRenderPass.cpp" />
    <ClCompile Include="RHI\Vulkan\API\VulkanRenderPipeline.cpp" />
    <ClCompile Include="RHI\Vulkan\API\VulkanRenderShader.cpp" />
    <ClCompile Include="RHI\Vulkan\API\VulkanDescriptor.cpp" />
    <ClCompile Include="RHI\Vulkan\API\VulkanRHI.cpp" />
    <ClCompile Include="RHI\Vulkan\API\VulkanWindowSystem.cpp" />
    <ClCompile Include="RHI\Vulkan\RHICommandVulkan.cpp" />
    <ClCompile Include="RHI\RHIGlobalEntity.cpp" />
    <ClCompile Include="RHI\Vulkan\RHIResourceAllocatorVulkan.cpp" />
    <ClCompile Include="RHI\Vulkan\RHIGlobalEntityVulkan.cpp" />
    <ClCompile Include="Renderer\RtRenderShader.cpp" />
    <ClCompile Include="Renderer\RtRenderBarrier.cpp" />
    <ClCompile Include="Renderer\RtRenderShaderFactory.cpp" />
    <ClCompile Include="RHI\Vulkan\RHISyncVulkan.h" />
    <ClCompile Include="Core\RenderGlobalParams.cpp" />
    <ClCompile Include="RHI\RHIResources.cpp" />
    <ClCompile Include="RHI\Vulkan\RHISyncVulkan.cpp" />
    <ClCompile Include="RHI\Vulkan\API\VulkanStat.cpp" />
    <ClCompile Include="RHI\Vulkan\RHIResourcesVulkan.cpp" />
    <ClCompile Include="RHI\Vulkan\RHIResourceBindingVulkan.cpp" />
  </ItemGroup>
  <ItemGroup>
    <ClInclude Include="Scene\Scene.h">
      <Filter>Scene</Filter>
    </ClInclude>
    <ClInclude Include="Renderer\RtRenderGraph.h">
      <Filter>Renderer</Filter>
    </ClInclude>
    <ClInclude Include="Renderer\RtRenderPass.h">
      <Filter>Renderer</Filter>
    </ClInclude>
    <ClInclude Include="Utils\CommonUtils.h">
      <Filter>Utils</Filter>
    </ClInclude>
    <ClInclude Include="Scene\Primitive.h">
      <Filter>Scene</Filter>
    </ClInclude>
    <ClInclude Include="Renderer\RtRenderResources.h">
      <Filter>Renderer</Filter>
    </ClInclude>
    <ClInclude Include="Renderer\RtRenderGraphExe.h">
      <Filter>Renderer</Filter>
    </ClInclude>
    <ClInclude Include="Renderer\RtRenderGraphBuilder.h">
      <Filter>Renderer</Filter>
    </ClInclude>
    <ClInclude Include="Renderer\RtRenderGraphPerfDebug.h">
      <Filter>Renderer</Filter>
    </ClInclude>
    <ClInclude Include="RHI\RHIResources.h">
      <Filter>RHI</Filter>
    </ClInclude>
    <ClInclude Include="RHI\RHIGlobalEntity.h">
      <Filter>RHI</Filter>
    </ClInclude>
    <ClInclude Include="RHI\RHICommand.h">
      <Filter>RHI</Filter>
    </ClInclude>
    <ClInclude Include="Utils\Memory.h">
      <Filter>Utils</Filter>
    </ClInclude>
    <ClInclude Include="Runtime\MyToySimpleRenderer.h">
      <Filter>Runtime</Filter>
    </ClInclude>
    <ClInclude Include="Utils\DirectedAcyclicGraph.h">
      <Filter>Utils</Filter>
    </ClInclude>
    <ClInclude Include="Runtime\RuntimeWorkIR.h">
      <Filter>Runtime</Filter>
    </ClInclude>
    <ClInclude Include="Runtime\RuntimeWorkData.h">
      <Filter>Runtime</Filter>
    </ClInclude>
    <ClInclude Include="Runtime\RuntimeSceneRender.h">
      <Filter>Runtime</Filter>
    </ClInclude>
    <ClInclude Include="Runtime\RuntimeShaderPermunation.h">
      <Filter>Runtime</Filter>
    </ClInclude>
    <ClInclude Include="Runtime\RuntimeWorkProcessor.h">
      <Filter>Runtime</Filter>
    </ClInclude>
    <ClInclude Include="Effect\EffectRayTracing.h">
      <Filter>Effect</Filter>
    </ClInclude>
    <ClInclude Include="Scene\GeometrytProxy.h">
      <Filter>Scene</Filter>
    </ClInclude>
    <ClInclude Include="Scene\SceneComponent.h">
      <Filter>Scene</Filter>
    </ClInclude>
    <ClInclude Include="Utils\SimpleJobSystem.h">
      <Filter>Utils</Filter>
    </ClInclude>
    <ClInclude Include="Utils\SimpleCoro.h">
      <Filter>Utils</Filter>
    </ClInclude>
    <ClInclude Include="Utils\Algorithm.h">
      <Filter>Utils</Filter>
    </ClInclude>
    <ClInclude Include="Utils\SimpleEntitySystem.h">
      <Filter>Utils</Filter>
    </ClInclude>
    <ClInclude Include="Utils\Handle.h">
      <Filter>Utils</Filter>
    </ClInclude>
    <ClInclude Include="Renderer\RtRenderResourceDefinitions.h">
      <Filter>Renderer</Filter>
    </ClInclude>
    <ClInclude Include="RHI\Vulkan\API\VulkanCmdContext.h" />
    <ClInclude Include="RHI\Vulkan\API\VulkanFrameBuffer.h" />
    <ClInclude Include="RHI\Vulkan\API\VulkanResources.h" />
    <ClInclude Include="RHI\Vulkan\API\VulkanRayTraceKHR.h" />
    <ClInclude Include="RHI\Vulkan\API\VulkanRenderPass.h" />
    <ClInclude Include="RHI\Vulkan\API\VulkanRenderPipeline.h" />
    <ClInclude Include="RHI\Vulkan\API\VulkanRenderShader.h" />
    <ClInclude Include="RHI\Vulkan\API\VulkanDescriptor.h" />
    <ClInclude Include="RHI\Vulkan\API\VulkanRHI.h" />
    <ClInclude Include="RHI\Vulkan\API\VulkanWindowSystem.h" />
    <ClInclude Include="Renderer\RtRenderBarrier.h" />
    <ClInclude Include="Renderer\RtRenderShader.h" />
    <ClInclude Include="Renderer\RtRenderShaderMacros.h" />
    <ClInclude Include="Renderer\RtRenderShaderFactory.h" />
    <ClInclude Include="Core\PixelInfo.h" />
    <ClInclude Include="RHI\RHISync.h" />
    <ClInclude Include="RHI\RHICommandIR.h" />
    <ClInclude Include="RHI\Vulkan\RHICommandVulkan.h" />
    <ClInclude Include="RHI\RHIShader.h" />
    <ClInclude Include="RHI\Vulkan\RHIGlobalEntityVulkan.h" />
    <ClInclude Include="RHI\Vulkan\RHIResourceAllocatorVulkan.h" />
    <ClInclude Include="Core\RenderGlobalParams.h" />
    <ClInclude Include="RHI\Vulkan\API\VulkanStat.h" />
    <ClInclude Include="RHI\Vulkan\RHIResourcesVulkan.h" />
    <ClInclude Include="RHI\RHIResourceBinding.h" />
    <ClInclude Include="RHI\Vulkan\API\VulkanHelperStruct.h" />
    <ClInclude Include="RHI\Vulkan\RHIResourceBindingVulkan.h" />
    <ClInclude Include="Renderer\RtRenderShaderUtils.h" />
  </ItemGroup>
  <ItemGroup>
    <None Include="Renderer\RtRenderResources.inl">
      <Filter>Renderer</Filter>
    </None>
    <None Include="Utils\DirectedAcyclicGraph.cpp">
      <Filter>Utils</Filter>
    </None>
    <None Include="Utils\Algorithm.inl">
      <Filter>Utils</Filter>
    </None>
    <None Include="Utils\SimpleEntitySystem.cpp">
      <Filter>Utils</Filter>
    </None>
    <None Include="cpp.hint" />
  </ItemGroup>
</Project>