<?xml version="1.0" encoding="utf-8"?>
<Project ToolsVersion="4.0" xmlns="http://schemas.microsoft.com/developer/msbuild/2003">
  <ItemGroup>
    <Filter Include="RHI">
      <UniqueIdentifier>{93a75ccd-ffea-49e4-bac9-f8c2e1803409}</UniqueIdentifier>
    </Filter>
    <Filter Include="Utils">
      <UniqueIdentifier>{10924f9e-562d-4f7f-86c0-2af583c49d63}</UniqueIdentifier>
    </Filter>
    <Filter Include="Scene">
      <UniqueIdentifier>{85f13a87-0be4-4d4f-8318-0e337d00cd94}</UniqueIdentifier>
    </Filter>
    <Filter Include="Shaders">
      <UniqueIdentifier>{4d11364c-acdc-4002-aa44-022c0359f640}</UniqueIdentifier>
    </Filter>
    <Filter Include="Renderer">
      <UniqueIdentifier>{b8f34e2c-0273-421e-8354-6cc6f57ae520}</UniqueIdentifier>
    </Filter>
    <Filter Include="RHI\Vulkan">
      <UniqueIdentifier>{3dd8dadb-a7d6-4757-abb7-6b964ddd10e9}</UniqueIdentifier>
    </Filter>
    <Filter Include="Runtime">
      <UniqueIdentifier>{f9377743-716d-449f-9cb8-b755d88da258}</UniqueIdentifier>
    </Filter>
    <Filter Include="Effect">
      <UniqueIdentifier>{627c3f75-ee4d-417e-8b2e-16d3c328694b}</UniqueIdentifier>
    </Filter>
  </ItemGroup>
  <ItemGroup>
    <ClCompile Include="Scene\Scene.cpp">
      <Filter>Scene</Filter>
    </ClCompile>
    <ClCompile Include="Graphics\Renderer\RtRenderGraph.cpp">
      <Filter>Renderer</Filter>
    </ClCompile>
    <ClCompile Include="Utils\CommonUtils.cpp">
      <Filter>Utils</Filter>
    </ClCompile>
    <ClCompile Include="Graphics\Renderer\RtRenderPass.cpp">
      <Filter>Renderer</Filter>
    </ClCompile>
    <ClCompile Include="Graphics\Renderer\RtRenderResources.cpp">
      <Filter>Renderer</Filter>
    </ClCompile>
    <ClCompile Include="Graphics\Renderer\RtRenderGraphExe.cpp">
      <Filter>Renderer</Filter>
    </ClCompile>
    <ClCompile Include="Graphics\Renderer\RtRenderGraphBuilder.cpp">
      <Filter>Renderer</Filter>
    </ClCompile>
    <ClCompile Include="Graphics\Renderer\RtRenderGraphPerfDebug.cpp">
      <Filter>Renderer</Filter>
    </ClCompile>
    <ClCompile Include="System\Render\RuntimeHDRPRenderer.cpp">
      <Filter>Runtime</Filter>
    </ClCompile>
    <ClCompile Include="System\Render\RuntimeWorkIR.cpp">
      <Filter>Runtime</Filter>
    </ClCompile>
    <ClCompile Include="System\Render\RuntimeSceneRender.cpp">
      <Filter>Runtime</Filter>
    </ClCompile>
    <ClCompile Include="System\Render\RuntimeWorkData.cpp">
      <Filter>Runtime</Filter>
    </ClCompile>
    <ClCompile Include="System\Render\RuntimeShaderPermunation.cpp">
      <Filter>Runtime</Filter>
    </ClCompile>
    <ClCompile Include="System\Render\RuntimeWorkProcessor.cpp">
      <Filter>Runtime</Filter>
    </ClCompile>
    <ClCompile Include="Effect\EffectRayTracingUtils.cpp">
      <Filter>Effect</Filter>
    </ClCompile>
    <ClCompile Include="Effect\EffectRayTracingCore.cpp">
      <Filter>Effect</Filter>
    </ClCompile>
    <ClCompile Include="Utils\SimpleJobSystem.cpp">
      <Filter>Utils</Filter>
    </ClCompile>
    <ClCompile Include="Utils\SimpleCoro.inl">
      <Filter>Utils</Filter>
    </ClCompile>
    <ClCompile Include="Graphics\RHI\Vulkan\API\VulkanCmdContext.cpp" />
    <ClCompile Include="Graphics\RHI\Vulkan\API\VulkanFrameBuffer.cpp" />
    <ClCompile Include="Graphics\RHI\Vulkan\API\VulkanResources.cpp" />
    <ClCompile Include="Graphics\RHI\Vulkan\API\VulkanRayTraceKHR.cpp" />
    <ClCompile Include="Graphics\RHI\Vulkan\API\VulkanRenderPass.cpp" />
    <ClCompile Include="Graphics\RHI\Vulkan\API\VulkanRenderPipeline.cpp" />
    <ClCompile Include="Graphics\RHI\Vulkan\API\VulkanRenderShader.cpp" />
    <ClCompile Include="Graphics\RHI\Vulkan\API\VulkanDescriptor.cpp" />
    <ClCompile Include="Graphics\RHI\Vulkan\API\VulkanRHI.cpp" />
    <ClCompile Include="Graphics\RHI\Vulkan\API\VulkanWindowSystem.cpp" />
    <ClCompile Include="Graphics\RHI\Vulkan\RHICommandVulkan.cpp" />
    <ClCompile Include="Graphics\RHI\RHIGlobalEntity.cpp" />
    <ClCompile Include="Graphics\RHI\Vulkan\RHIResourceAllocatorVulkan.cpp" />
    <ClCompile Include="Graphics\RHI\Vulkan\RHIGlobalEntityVulkan.cpp" />
    <ClCompile Include="Graphics\Renderer\RtRenderShader.cpp" />
    <ClCompile Include="Graphics\Renderer\RtRenderBarrier.cpp" />
    <ClCompile Include="Graphics\Renderer\RtRenderShaderFactory.cpp" />
    <ClCompile Include="Graphics\RHI\Vulkan\RHISyncVulkan.h" />
    <ClCompile Include="Graphics\Core\RenderGlobalParams.cpp" />
    <ClCompile Include="Graphics\RHI\RHIResources.cpp" />
    <ClCompile Include="Graphics\RHI\Vulkan\RHISyncVulkan.cpp" />
    <ClCompile Include="Graphics\RHI\Vulkan\API\VulkanStat.cpp" />
    <ClCompile Include="Graphics\RHI\Vulkan\RHIResourcesVulkan.cpp" />
    <ClCompile Include="Graphics\RHI\Vulkan\RHIResourceBindingVulkan.cpp" />
    <ClCompile Include="Utils\DataFileCache.cpp" />
    <ClCompile Include="Utils\ReflectionImageObject.cpp" />
    <ClCompile Include="Utils\Reflection.cpp" />
    <ClCompile Include="Graphics\Renderer\RtRenderShaderArchive.cpp" />
    <ClCompile Include="Graphics\Renderer\RtRenderShaderParameters.cpp" />
    <ClCompile Include="Graphics\RHI\Vulkan\RHIShaderLibraryVulkan.cpp" />
    <ClCompile Include="Graphics\RHI\RHIShaderLibrary.cpp" />
    <ClCompile Include="Graphics\RHI\Vulkan\RHIShaderVulkan.cpp" />
    <ClCompile Include="Graphics\RHI\RHICommand.cpp" />
    <ClCompile Include="Utils\Timer.cpp" />
    <ClCompile Include="Graphics\RHI\Vulkan\RHIImGuiLayerVulkan.cpp" />
    <ClCompile Include="System\Render\RenderSystem.cpp" />
    <ClCompile Include="Utils\SimpleEntitySystemPrimitive.cpp" />
    <ClCompile Include="Utils\Memory.cpp" />
    <ClCompile Include="System\Input\InputSystem.cpp" />
    <ClCompile Include="Runtime\RuntimeEngineCore.cpp" />
    <ClCompile Include="Graphics\Effect\Base\EffectBasePass.cpp" />
    <ClCompile Include="System\App\CameraSystem.cpp" />
    <ClCompile Include="Utils\PlatformShared.cpp" />
    <ClCompile Include="Graphics\Effect\Font\EffectFonts.cpp" />
  </ItemGroup>
  <ItemGroup>
    <ClInclude Include="Scene\Scene.h">
      <Filter>Scene</Filter>
    </ClInclude>
    <ClInclude Include="Graphics\Renderer\RtRenderGraph.h">
      <Filter>Renderer</Filter>
    </ClInclude>
    <ClInclude Include="Graphics\Renderer\RtRenderPass.h">
      <Filter>Renderer</Filter>
    </ClInclude>
    <ClInclude Include="Utils\CommonUtils.h">
      <Filter>Utils</Filter>
    </ClInclude>
    <ClInclude Include="Scene\Primitive.h">
      <Filter>Scene</Filter>
    </ClInclude>
    <ClInclude Include="Graphics\Renderer\RtRenderResources.h">
      <Filter>Renderer</Filter>
    </ClInclude>
    <ClInclude Include="Graphics\Renderer\RtRenderGraphExe.h">
      <Filter>Renderer</Filter>
    </ClInclude>
    <ClInclude Include="Graphics\Renderer\RtRenderGraphBuilder.h">
      <Filter>Renderer</Filter>
    </ClInclude>
    <ClInclude Include="Graphics\Renderer\RtRenderGraphPerfDebug.h">
      <Filter>Renderer</Filter>
    </ClInclude>
    <ClInclude Include="Graphics\RHI\RHIResources.h">
      <Filter>RHI</Filter>
    </ClInclude>
    <ClInclude Include="Graphics\RHI\RHIGlobalEntity.h">
      <Filter>RHI</Filter>
    </ClInclude>
    <ClInclude Include="Graphics\RHI\RHICommand.h">
      <Filter>RHI</Filter>
    </ClInclude>
    <ClInclude Include="Utils\Memory.h">
      <Filter>Utils</Filter>
    </ClInclude>
    <ClInclude Include="System\Render\RuntimeHDRPRenderer.h">
      <Filter>Runtime</Filter>
    </ClInclude>
    <ClInclude Include="Utils\DirectedAcyclicGraph.h">
      <Filter>Utils</Filter>
    </ClInclude>
    <ClInclude Include="System\Render\RuntimeWorkIR.h">
      <Filter>Runtime</Filter>
    </ClInclude>
    <ClInclude Include="System\Render\RuntimeWorkData.h">
      <Filter>Runtime</Filter>
    </ClInclude>
    <ClInclude Include="System\Render\RuntimeSceneRender.h">
      <Filter>Runtime</Filter>
    </ClInclude>
    <ClInclude Include="System\Render\RuntimeShaderPermunation.h">
      <Filter>Runtime</Filter>
    </ClInclude>
    <ClInclude Include="System\Render\RuntimeWorkProcessor.h">
      <Filter>Runtime</Filter>
    </ClInclude>
    <ClInclude Include="Effect\EffectRayTracing.h">
      <Filter>Effect</Filter>
    </ClInclude>
    <ClInclude Include="Utils\SimpleJobSystem.h">
      <Filter>Utils</Filter>
    </ClInclude>
    <ClInclude Include="Utils\SimpleCoro.h">
      <Filter>Utils</Filter>
    </ClInclude>
    <ClInclude Include="Utils\Algorithm.h">
      <Filter>Utils</Filter>
    </ClInclude>
    <ClInclude Include="Utils\SimpleEntitySystem.h">
      <Filter>Utils</Filter>
    </ClInclude>
    <ClInclude Include="Utils\Handle.h">
      <Filter>Utils</Filter>
    </ClInclude>
    <ClInclude Include="Graphics\Renderer\RtRenderResourceDefinitions.h">
      <Filter>Renderer</Filter>
    </ClInclude>
    <ClInclude Include="Graphics\RHI\Vulkan\API\VulkanCmdContext.h" />
    <ClInclude Include="Graphics\RHI\Vulkan\API\VulkanFrameBuffer.h" />
    <ClInclude Include="Graphics\RHI\Vulkan\API\VulkanResources.h" />
    <ClInclude Include="Graphics\RHI\Vulkan\API\VulkanRayTraceKHR.h" />
    <ClInclude Include="Graphics\RHI\Vulkan\API\VulkanRenderPass.h" />
    <ClInclude Include="Graphics\RHI\Vulkan\API\VulkanRenderPipeline.h" />
    <ClInclude Include="Graphics\RHI\Vulkan\API\VulkanRenderShader.h" />
    <ClInclude Include="Graphics\RHI\Vulkan\API\VulkanDescriptor.h" />
    <ClInclude Include="Graphics\RHI\Vulkan\API\VulkanRHI.h" />
    <ClInclude Include="Graphics\RHI\Vulkan\API\VulkanWindowSystem.h" />
    <ClInclude Include="Graphics\Renderer\RtRenderBarrier.h" />
    <ClInclude Include="Graphics\Renderer\RtRenderShader.h" />
    <ClInclude Include="Renderer\RtRenderShaderMacros.h" />
    <ClInclude Include="Graphics\Renderer\RtRenderShaderFactory.h" />
    <ClInclude Include="Graphics\Core\PixelInfo.h" />
    <ClInclude Include="Graphics\RHI\RHISync.h" />
    <ClInclude Include="Graphics\RHI\RHICommandIR.h" />
    <ClInclude Include="Graphics\RHI\Vulkan\RHICommandVulkan.h" />
    <ClInclude Include="Graphics\RHI\RHIShader.h" />
    <ClInclude Include="Graphics\RHI\Vulkan\RHIGlobalEntityVulkan.h" />
    <ClInclude Include="Graphics\RHI\Vulkan\RHIResourceAllocatorVulkan.h" />
    <ClInclude Include="Graphics\Core\RenderGlobalParams.h" />
    <ClInclude Include="Graphics\RHI\Vulkan\API\VulkanStat.h" />
    <ClInclude Include="Graphics\RHI\Vulkan\RHIResourcesVulkan.h" />
    <ClInclude Include="Graphics\RHI\RHIResourceBinding.h" />
    <ClInclude Include="Graphics\RHI\Vulkan\API\VulkanHelperStruct.h" />
    <ClInclude Include="Graphics\RHI\Vulkan\RHIResourceBindingVulkan.h" />
    <ClInclude Include="Renderer\RtRenderShaderUtils.h" />
    <ClInclude Include="Utils\DataFileCache.h" />
    <ClInclude Include="Utils\Reflection.h" />
    <ClInclude Include="Utils\ReflectionImageObject.h" />
    <ClInclude Include="Graphics\RHI\RHIShaderLibrary.h" />
    <ClInclude Include="Graphics\Renderer\RtRenderShaderArchive.h" />
    <ClInclude Include="Graphics\Renderer\RtRenderShaderParameters.h" />
    <ClInclude Include="Graphics\RHI\Vulkan\RHIShaderLibraryVulkan.h" />
    <ClInclude Include="Graphics\RHI\RHITypeTraits.h" />
    <ClInclude Include="Graphics\RHI\Vulkan\RHIShaderVulkan.h" />
    <ClInclude Include="Graphics\RHI\RHIImGuiLayer.h" />
    <ClInclude Include="Graphics\RHI\Vulkan\RHIImGuiLayerVulkan.h" />
    <ClInclude Include="System\Render\RenderSystem.h" />
    <ClInclude Include="Utils\SimpleEntitySystemPrimitive.h" />
    <ClInclude Include="System\Input\InputSystem.h" />
    <ClInclude Include="Runtime\RuntimeEngineCore.h" />
    <ClInclude Include="System\System.h" />
    <ClInclude Include="System\PhyX\PhyXSystem.h" />
    <ClInclude Include="System\Resource\ResourceLoaderSystem.h" />
    <ClInclude Include="System\Animation\AnimationSystem.h" />
    <ClInclude Include="Graphics\Effect\Base\EffectBasePass.h" />
    <ClInclude Include="System\App\CameraSystem.h" />
    <ClInclude Include="Graphics\Effect\Font\EffectFonts.h" />
  </ItemGroup>
  <ItemGroup>
    <None Include="Graphics\Renderer\RtRenderResources.inl">
      <Filter>Renderer</Filter>
    </None>
    <None Include="Utils\DirectedAcyclicGraph.cpp">
      <Filter>Utils</Filter>
    </None>
    <None Include="Utils\Algorithm.inl">
      <Filter>Utils</Filter>
    </None>
    <None Include="Utils\SimpleEntitySystem.cpp">
      <Filter>Utils</Filter>
    </None>
    <None Include="cpp.hint" />
    <None Include="Graphics\Renderer\RtRenderShaderUtils.inl" />
    <None Include="Shaders\Fonts\FontsShaderCommon.hlsli" />
    <None Include="Shaders\BindlessResource.hlsli" />
  </ItemGroup>
  <ItemGroup>
    <FxCompile Include="Shaders\Fonts\PSFontsShader.hlsl" />
    <FxCompile Include="Shaders\Fonts\VSFontsShader.hlsl" />
  </ItemGroup>
</Project>